
Microsoft Visual Studio Solution File, Format Version 12.00
# Visual Studio Version 17
VisualStudioVersion = 17.9.34902.65
MinimumVisualStudioVersion = 10.0.40219.1
Project("{FAE04EC0-301F-11D3-BF4B-00C04F79EFBC}") = "LoadUnloadApp", "LoadUnloadApp\LoadUnloadApp.csproj", "{59121784-9721-4600-9367-75DB533139B2}"
EndProject
Project("{FAE04EC0-301F-11D3-BF4B-00C04F79EFBC}") = "SampleDll", "SampleDll\SampleDll.csproj", "{2073AA6F-3CFA-4A1E-BA3C-FA582D440B9A}"
EndProject
Project("{FAE04EC0-301F-11D3-BF4B-00C04F79EFBC}") = "Common", "Common\Common.csproj", "{11D07673-4D2A-48C4-8AF2-93CCAAE5F0DD}"
EndProject
Global
	GlobalSection(SolutionConfigurationPlatforms) = preSolution
		Debug|Any CPU = Debug|Any CPU
		Release|Any CPU = Release|Any CPU
	EndGlobalSection
	GlobalSection(ProjectConfigurationPlatforms) = postSolution
		{59121784-9721-4600-9367-75DB533139B2}.Debug|Any CPU.ActiveCfg = Debug|Any CPU
		{59121784-9721-4600-9367-75DB533139B2}.Debug|Any CPU.Build.0 = Debug|Any CPU
		{59121784-9721-4600-9367-75DB533139B2}.Release|Any CPU.ActiveCfg = Release|Any CPU
		{59121784-9721-4600-9367-75DB533139B2}.Release|Any CPU.Build.0 = Release|Any CPU
		{2073AA6F-3CFA-4A1E-BA3C-FA582D440B9A}.Debug|Any CPU.ActiveCfg = Debug|Any CPU
		{2073AA6F-3CFA-4A1E-BA3C-FA582D440B9A}.Debug|Any CPU.Build.0 = Debug|Any CPU
		{2073AA6F-3CFA-4A1E-BA3C-FA582D440B9A}.Release|Any CPU.ActiveCfg = Release|Any CPU
		{2073AA6F-3CFA-4A1E-BA3C-FA582D440B9A}.Release|Any CPU.Build.0 = Release|Any CPU
		{11D07673-4D2A-48C4-8AF2-93CCAAE5F0DD}.Debug|Any CPU.ActiveCfg = Debug|Any CPU
		{11D07673-4D2A-48C4-8AF2-93CCAAE5F0DD}.Debug|Any CPU.Build.0 = Debug|Any CPU
		{11D07673-4D2A-48C4-8AF2-93CCAAE5F0DD}.Release|Any CPU.ActiveCfg = Release|Any CPU
		{11D07673-4D2A-48C4-8AF2-93CCAAE5F0DD}.Release|Any CPU.Build.0 = Release|Any CPU
	EndGlobalSection
	GlobalSection(SolutionProperties) = preSolution
		HideSolutionNode = FALSE
	EndGlobalSection
	GlobalSection(ExtensibilityGlobals) = postSolution
		SolutionGuid = {153FE98D-91CE-454C-8113-A0D40F84E06E}
	EndGlobalSection
EndGlobal
